
Microsoft Visual Studio Solution File, Format Version 12.00
# Visual Studio Version 17
VisualStudioVersion = 17.5.002.0
MinimumVisualStudioVersion = 10.0.40219.1
Project("{9A19103F-16F7-4668-BE54-9A1E7A4F7556}") = "Flow.Launcher.Plugin.OpenWindowSearch", "Flow.Launcher.Plugin.OpenWindowSearch.csproj", "{498BA9B6-9B33-435B-AFCB-D8199C699E16}"
EndProject
Global
	GlobalSection(SolutionConfigurationPlatforms) = preSolution
		Debug|Any CPU = Debug|Any CPU
		Release|Any CPU = Release|Any CPU
	EndGlobalSection
	GlobalSection(ProjectConfigurationPlatforms) = postSolution
		{498BA9B6-9B33-435B-AFCB-D8199C699E16}.Debug|Any CPU.ActiveCfg = Debug|Any CPU
		{498BA9B6-9B33-435B-AFCB-D8199C699E16}.Debug|Any CPU.Build.0 = Debug|Any CPU
		{498BA9B6-9B33-435B-AFCB-D8199C699E16}.Release|Any CPU.ActiveCfg = Release|Any CPU
		{498BA9B6-9B33-435B-AFCB-D8199C699E16}.Release|Any CPU.Build.0 = Release|Any CPU
	EndGlobalSection
	GlobalSection(SolutionProperties) = preSolution
		HideSolutionNode = FALSE
	EndGlobalSection
	GlobalSection(ExtensibilityGlobals) = postSolution
		SolutionGuid = {CFA65B92-8E29-4374-84B3-AE9908070C23}
	EndGlobalSection
EndGlobal
